# This file is generated by running "yarn install" inside your project.
# Manual changes might be lost - proceed with caution!

__metadata:
  version: 8
  cacheKey: 10

"@adobe/css-tools@npm:^4.4.0":
  version: 4.4.2
  resolution: "@adobe/css-tools@npm:4.4.2"
  checksum: 10/893d97ba524d92d5fdcee517a47fa7a144ca89dfcc559f5e1c3a9894599bf64c4ee5fc811fb11de0ab84da6778f4b69ea6aede73813534aeb5dfbc412d0788db
  languageName: node
  linkType: hard

"@babel/code-frame@npm:^7.10.4":
  version: 7.26.2
  resolution: "@babel/code-frame@npm:7.26.2"
  dependencies:
    "@babel/helper-validator-identifier": "npm:^7.25.9"
    js-tokens: "npm:^4.0.0"
    picocolors: "npm:^1.0.0"
  checksum: 10/db2c2122af79d31ca916755331bb4bac96feb2b334cdaca5097a6b467fdd41963b89b14b6836a14f083de7ff887fc78fa1b3c10b14e743d33e12dbfe5ee3d223
  languageName: node
  linkType: hard

"@babel/helper-validator-identifier@npm:^7.25.9":
  version: 7.25.9
  resolution: "@babel/helper-validator-identifier@npm:7.25.9"
  checksum: 10/3f9b649be0c2fd457fa1957b694b4e69532a668866b8a0d81eabfa34ba16dbf3107b39e0e7144c55c3c652bf773ec816af8df4a61273a2bb4eb3145ca9cf478e
  languageName: node
  linkType: hard

"@babel/runtime@npm:^7.12.5":
  version: 7.26.9
  resolution: "@babel/runtime@npm:7.26.9"
  dependencies:
    regenerator-runtime: "npm:^0.14.0"
  checksum: 10/08edd07d774eafbf157fdc8450ed6ddd22416fdd8e2a53e4a00349daba1b502c03ab7f7ad3ad3a7c46b9a24d99b5697591d0f852ee2f84642082ef7dda90b83d
  languageName: node
  linkType: hard

"@storybook/csf@npm:0.1.12":
  version: 0.1.12
  resolution: "@storybook/csf@npm:0.1.12"
  dependencies:
    type-fest: "npm:^2.19.0"
  checksum: 10/f661709de5bd68bfd4ced67df31ef26341168d6679bc13564cb024cfdbc8fdfa94d384267c20b3c858a3058b1ee8dbd71cea169245fcf7b28298890d6c3e1da4
  languageName: node
  linkType: hard

"@storybook/global@npm:^5.0.0":
  version: 5.0.0
  resolution: "@storybook/global@npm:5.0.0"
  checksum: 10/0e7b495f4fe7f36447e793926f1c0460ec07fd66f0da68e3150da5878f6043c9eeb9b41614a45c5ec0d48d5d383c59ca8f88b6dc7882a2a784ac9b20375d8edb
  languageName: node
  linkType: hard

"@storybook/instrumenter@npm:8.5.8":
  version: 8.5.8
  resolution: "@storybook/instrumenter@npm:8.5.8"
  dependencies:
    "@storybook/global": "npm:^5.0.0"
    "@vitest/utils": "npm:^2.1.1"
  peerDependencies:
    storybook: ^8.5.8
  checksum: 10/56d03bbd1b27e9ce8f0411a2b3dbf81cd5978da509020bba14c16f2f0aa364ad653f4b9d7b610ea7f3dd3c3c942b518eae6f7d3eb2c71e7c565f4ff4e464866e
  languageName: node
  linkType: hard

"@storybook/root@workspace:.":
  version: 0.0.0-use.local
  resolution: "@storybook/root@workspace:."
  dependencies:
    "@storybook/test": "npm:^8.5.8"
  languageName: unknown
  linkType: soft

"@storybook/test@npm:^8.5.8":
  version: 8.5.8
  resolution: "@storybook/test@npm:8.5.8"
  dependencies:
    "@storybook/csf": "npm:0.1.12"
    "@storybook/global": "npm:^5.0.0"
    "@storybook/instrumenter": "npm:8.5.8"
    "@testing-library/dom": "npm:10.4.0"
    "@testing-library/jest-dom": "npm:6.5.0"
    "@testing-library/user-event": "npm:14.5.2"
    "@vitest/expect": "npm:2.0.5"
    "@vitest/spy": "npm:2.0.5"
  peerDependencies:
    storybook: ^8.5.8
  checksum: 10/75f80b905f1796b664775a334671e37ed7592ea3a5ba1af6ee239ea6108ca47d5fef2ff4778eee88e69f8f25660ebd59d68ad8ce3cda2f38ddc0beecad3d3178
  languageName: node
  linkType: hard

"@testing-library/dom@npm:10.4.0":
  version: 10.4.0
  resolution: "@testing-library/dom@npm:10.4.0"
  dependencies:
    "@babel/code-frame": "npm:^7.10.4"
    "@babel/runtime": "npm:^7.12.5"
    "@types/aria-query": "npm:^5.0.1"
    aria-query: "npm:5.3.0"
    chalk: "npm:^4.1.0"
    dom-accessibility-api: "npm:^0.5.9"
    lz-string: "npm:^1.5.0"
    pretty-format: "npm:^27.0.2"
  checksum: 10/05825ee9a15b88cbdae12c137db7111c34069ed3c7a1bd03b6696cb1b37b29f6f2d2de581ebf03033e7df1ab7ebf08399310293f440a4845d95c02c0a9ecc899
  languageName: node
  linkType: hard

"@testing-library/jest-dom@npm:6.5.0":
  version: 6.5.0
  resolution: "@testing-library/jest-dom@npm:6.5.0"
  dependencies:
    "@adobe/css-tools": "npm:^4.4.0"
    aria-query: "npm:^5.0.0"
    chalk: "npm:^3.0.0"
    css.escape: "npm:^1.5.1"
    dom-accessibility-api: "npm:^0.6.3"
    lodash: "npm:^4.17.21"
    redent: "npm:^3.0.0"
  checksum: 10/3d2080888af5fd7306f57448beb5a23f55d965e265b5e53394fffc112dfb0678d616a5274ff0200c46c7618f293520f86fc8562eecd8bdbc0dbb3294d63ec431
  languageName: node
  linkType: hard

"@testing-library/user-event@npm:14.5.2":
  version: 14.5.2
  resolution: "@testing-library/user-event@npm:14.5.2"
  peerDependencies:
    "@testing-library/dom": ">=7.21.4"
  checksum: 10/49821459d81c6bc435d97128d6386ca24f1e4b3ba8e46cb5a96fe3643efa6e002d88c1b02b7f2ec58da593e805c59b78d7fdf0db565c1f02ba782f63ee984040
  languageName: node
  linkType: hard

"@types/aria-query@npm:^5.0.1":
  version: 5.0.4
  resolution: "@types/aria-query@npm:5.0.4"
  checksum: 10/c0084c389dc030daeaf0115a92ce43a3f4d42fc8fef2d0e22112d87a42798d4a15aac413019d4a63f868327d52ad6740ab99609462b442fe6b9286b172d2e82e
  languageName: node
  linkType: hard

"@types/estree@npm:^1.0.0":
  version: 1.0.6
  resolution: "@types/estree@npm:1.0.6"
  checksum: 10/9d35d475095199c23e05b431bcdd1f6fec7380612aed068b14b2a08aa70494de8a9026765a5a91b1073f636fb0368f6d8973f518a31391d519e20c59388ed88d
  languageName: node
  linkType: hard

"@vitest/expect@npm:2.0.5":
  version: 2.0.5
  resolution: "@vitest/expect@npm:2.0.5"
  dependencies:
    "@vitest/spy": "npm:2.0.5"
    "@vitest/utils": "npm:2.0.5"
    chai: "npm:^5.1.1"
    tinyrainbow: "npm:^1.2.0"
  checksum: 10/ca9a218f50254b2259fd16166b2d8c9ccc8ee2cc068905e6b3d6281da10967b1590cc7d34b5fa9d429297f97e740450233745583b4cc12272ff11705faf70a37
  languageName: node
  linkType: hard

"@vitest/pretty-format@npm:2.0.5":
  version: 2.0.5
  resolution: "@vitest/pretty-format@npm:2.0.5"
  dependencies:
    tinyrainbow: "npm:^1.2.0"
  checksum: 10/70bf452dd0b8525e658795125b3f11110bd6baadfaa38c5bb91ca763bded35ec6dc80e27964ad4e91b91be6544d35e18ea7748c1997693988f975a7283c3e9a0
  languageName: node
  linkType: hard

"@vitest/pretty-format@npm:2.1.9":
  version: 2.1.9
  resolution: "@vitest/pretty-format@npm:2.1.9"
  dependencies:
    tinyrainbow: "npm:^1.2.0"
  checksum: 10/557dc637c5825abd62ccb15080e59e04d22121e746d8020a0815d7c0c45132fed81b1ff36b26f5991e57a9f1d36e52aa19712abbfe1d0cbcd14252b449a919dc
  languageName: node
  linkType: hard

"@vitest/spy@npm:2.0.5":
  version: 2.0.5
  resolution: "@vitest/spy@npm:2.0.5"
  dependencies:
    tinyspy: "npm:^3.0.0"
  checksum: 10/ed19f4c3bb4d3853241e8070979615138e24403ce4c137fa48c903b3af2c8b3ada2cc26aca9c1aa323bb314a457a8130a29acbb18dafd4e42737deefb2abf1ca
  languageName: node
  linkType: hard

"@vitest/utils@npm:2.0.5":
  version: 2.0.5
  resolution: "@vitest/utils@npm:2.0.5"
  dependencies:
    "@vitest/pretty-format": "npm:2.0.5"
    estree-walker: "npm:^3.0.3"
    loupe: "npm:^3.1.1"
    tinyrainbow: "npm:^1.2.0"
  checksum: 10/d631d56d29c33bc8de631166b2b6691c470187a345469dfef7048befe6027e1c6ff9552f2ee11c8a247522c325c4a64bfcc73f8f0f0c525da39cb9f190f119f8
  languageName: node
  linkType: hard

"@vitest/utils@npm:^2.1.1":
  version: 2.1.9
  resolution: "@vitest/utils@npm:2.1.9"
  dependencies:
    "@vitest/pretty-format": "npm:2.1.9"
    loupe: "npm:^3.1.2"
    tinyrainbow: "npm:^1.2.0"
  checksum: 10/83d62d5703a3210a2f137c25dc4e797a7a1d74d5d2e14ecc33b274c7710304fa8b5099101c98bc8d66cc2bf18a14f88ebf21f0996a99d0ee1439ae23b49f3961
  languageName: node
  linkType: hard

"ansi-regex@npm:^5.0.1":
  version: 5.0.1
  resolution: "ansi-regex@npm:5.0.1"
  checksum: 10/2aa4bb54caf2d622f1afdad09441695af2a83aa3fe8b8afa581d205e57ed4261c183c4d3877cee25794443fde5876417d859c108078ab788d6af7e4fe52eb66b
  languageName: node
  linkType: hard

"ansi-styles@npm:^4.1.0":
  version: 4.3.0
  resolution: "ansi-styles@npm:4.3.0"
  dependencies:
    color-convert: "npm:^2.0.1"
  checksum: 10/b4494dfbfc7e4591b4711a396bd27e540f8153914123dccb4cdbbcb514015ada63a3809f362b9d8d4f6b17a706f1d7bea3c6f974b15fa5ae76b5b502070889ff
  languageName: node
  linkType: hard

"ansi-styles@npm:^5.0.0":
  version: 5.2.0
  resolution: "ansi-styles@npm:5.2.0"
  checksum: 10/d7f4e97ce0623aea6bc0d90dcd28881ee04cba06c570b97fd3391bd7a268eedfd9d5e2dd4fdcbdd82b8105df5faf6f24aaedc08eaf3da898e702db5948f63469
  languageName: node
  linkType: hard

"aria-query@npm:5.3.0":
  version: 5.3.0
  resolution: "aria-query@npm:5.3.0"
  dependencies:
    dequal: "npm:^2.0.3"
  checksum: 10/c3e1ed127cc6886fea4732e97dd6d3c3938e64180803acfb9df8955517c4943760746ffaf4020ce8f7ffaa7556a3b5f85c3769a1f5ca74a1288e02d042f9ae4e
  languageName: node
  linkType: hard

"aria-query@npm:^5.0.0":
  version: 5.3.2
  resolution: "aria-query@npm:5.3.2"
  checksum: 10/b2fe9bc98bd401bc322ccb99717c1ae2aaf53ea0d468d6e7aebdc02fac736e4a99b46971ee05b783b08ade23c675b2d8b60e4a1222a95f6e27bc4d2a0bfdcc03
  languageName: node
  linkType: hard

"assertion-error@npm:^2.0.1":
  version: 2.0.1
  resolution: "assertion-error@npm:2.0.1"
  checksum: 10/a0789dd882211b87116e81e2648ccb7f60340b34f19877dd020b39ebb4714e475eb943e14ba3e22201c221ef6645b7bfe10297e76b6ac95b48a9898c1211ce66
  languageName: node
  linkType: hard

"chai@npm:^5.1.1":
  version: 5.2.0
  resolution: "chai@npm:5.2.0"
  dependencies:
    assertion-error: "npm:^2.0.1"
    check-error: "npm:^2.1.1"
    deep-eql: "npm:^5.0.1"
    loupe: "npm:^3.1.0"
    pathval: "npm:^2.0.0"
  checksum: 10/2ce03671c159c6a567bf1912756daabdbb7c075f3c0078f1b59d61da8d276936367ee696dfe093b49e1479d9ba93a6074c8e55d49791dddd8061728cdcad249e
  languageName: node
  linkType: hard

"chalk@npm:^3.0.0":
  version: 3.0.0
  resolution: "chalk@npm:3.0.0"
  dependencies:
    ansi-styles: "npm:^4.1.0"
    supports-color: "npm:^7.1.0"
  checksum: 10/37f90b31fd655fb49c2bd8e2a68aebefddd64522655d001ef417e6f955def0ed9110a867ffc878a533f2dafea5f2032433a37c8a7614969baa7f8a1cd424ddfc
  languageName: node
  linkType: hard

"chalk@npm:^4.1.0":
  version: 4.1.2
  resolution: "chalk@npm:4.1.2"
  dependencies:
    ansi-styles: "npm:^4.1.0"
    supports-color: "npm:^7.1.0"
  checksum: 10/cb3f3e594913d63b1814d7ca7c9bafbf895f75fbf93b92991980610dfd7b48500af4e3a5d4e3a8f337990a96b168d7eb84ee55efdce965e2ee8efc20f8c8f139
  languageName: node
  linkType: hard

"check-error@npm:^2.1.1":
  version: 2.1.1
  resolution: "check-error@npm:2.1.1"
  checksum: 10/d785ed17b1d4a4796b6e75c765a9a290098cf52ff9728ce0756e8ffd4293d2e419dd30c67200aee34202463b474306913f2fcfaf1890641026d9fc6966fea27a
  languageName: node
  linkType: hard

"color-convert@npm:^2.0.1":
  version: 2.0.1
  resolution: "color-convert@npm:2.0.1"
  dependencies:
    color-name: "npm:~1.1.4"
  checksum: 10/fa00c91b4332b294de06b443923246bccebe9fab1b253f7fe1772d37b06a2269b4039a85e309abe1fe11b267b11c08d1d0473fda3badd6167f57313af2887a64
  languageName: node
  linkType: hard

"color-name@npm:~1.1.4":
  version: 1.1.4
  resolution: "color-name@npm:1.1.4"
  checksum: 10/b0445859521eb4021cd0fb0cc1a75cecf67fceecae89b63f62b201cca8d345baf8b952c966862a9d9a2632987d4f6581f0ec8d957dfacece86f0a7919316f610
  languageName: node
  linkType: hard

"css.escape@npm:^1.5.1":
  version: 1.5.1
  resolution: "css.escape@npm:1.5.1"
  checksum: 10/f6d38088d870a961794a2580b2b2af1027731bb43261cfdce14f19238a88664b351cc8978abc20f06cc6bbde725699dec8deb6fe9816b139fc3f2af28719e774
  languageName: node
  linkType: hard

"deep-eql@npm:^5.0.1":
  version: 5.0.2
  resolution: "deep-eql@npm:5.0.2"
  checksum: 10/a529b81e2ef8821621d20a36959a0328873a3e49d393ad11f8efe8559f31239494c2eb889b80342808674c475802ba95b9d6c4c27641b9a029405104c1b59fcf
  languageName: node
  linkType: hard

"dequal@npm:^2.0.3":
  version: 2.0.3
  resolution: "dequal@npm:2.0.3"
  checksum: 10/6ff05a7561f33603df87c45e389c9ac0a95e3c056be3da1a0c4702149e3a7f6fe5ffbb294478687ba51a9e95f3a60e8b6b9005993acd79c292c7d15f71964b6b
  languageName: node
  linkType: hard

"dom-accessibility-api@npm:^0.5.9":
  version: 0.5.16
  resolution: "dom-accessibility-api@npm:0.5.16"
  checksum: 10/377b4a7f9eae0a5d72e1068c369c99e0e4ca17fdfd5219f3abd32a73a590749a267475a59d7b03a891f9b673c27429133a818c44b2e47e32fec024b34274e2ca
  languageName: node
  linkType: hard

"dom-accessibility-api@npm:^0.6.3":
  version: 0.6.3
  resolution: "dom-accessibility-api@npm:0.6.3"
  checksum: 10/83d3371f8226487fbad36e160d44f1d9017fb26d46faba6a06fcad15f34633fc827b8c3e99d49f71d5f3253d866e2131826866fd0a3c86626f8eccfc361881ff
  languageName: node
  linkType: hard

"estree-walker@npm:^3.0.3":
  version: 3.0.3
  resolution: "estree-walker@npm:3.0.3"
  dependencies:
    "@types/estree": "npm:^1.0.0"
  checksum: 10/a65728d5727b71de172c5df323385755a16c0fdab8234dc756c3854cfee343261ddfbb72a809a5660fac8c75d960bb3e21aa898c2d7e9b19bb298482ca58a3af
  languageName: node
  linkType: hard

"has-flag@npm:^4.0.0":
  version: 4.0.0
  resolution: "has-flag@npm:4.0.0"
  checksum: 10/261a1357037ead75e338156b1f9452c016a37dcd3283a972a30d9e4a87441ba372c8b81f818cd0fbcd9c0354b4ae7e18b9e1afa1971164aef6d18c2b6095a8ad
  languageName: node
  linkType: hard

"indent-string@npm:^4.0.0":
  version: 4.0.0
  resolution: "indent-string@npm:4.0.0"
  checksum: 10/cd3f5cbc9ca2d624c6a1f53f12e6b341659aba0e2d3254ae2b4464aaea8b4294cdb09616abbc59458f980531f2429784ed6a420d48d245bcad0811980c9efae9
  languageName: node
  linkType: hard

"js-tokens@npm:^4.0.0":
  version: 4.0.0
  resolution: "js-tokens@npm:4.0.0"
  checksum: 10/af37d0d913fb56aec6dc0074c163cc71cd23c0b8aad5c2350747b6721d37ba118af35abdd8b33c47ec2800de07dedb16a527ca9c530ee004093e04958bd0cbf2
  languageName: node
  linkType: hard

"lodash@npm:^4.17.21":
  version: 4.17.21
  resolution: "lodash@npm:4.17.21"
  checksum: 10/c08619c038846ea6ac754abd6dd29d2568aa705feb69339e836dfa8d8b09abbb2f859371e86863eda41848221f9af43714491467b5b0299122431e202bb0c532
  languageName: node
  linkType: hard

"loupe@npm:^3.1.0, loupe@npm:^3.1.1, loupe@npm:^3.1.2":
  version: 3.1.3
  resolution: "loupe@npm:3.1.3"
  checksum: 10/9e98c34daf0eba48ccc603595e51f2ae002110982d84879cf78c51de2c632f0c571dfe82ce4210af60c32203d06b443465c269bda925076fe6d9b612cc65c321
  languageName: node
  linkType: hard

"lz-string@npm:^1.5.0":
  version: 1.5.0
  resolution: "lz-string@npm:1.5.0"
  bin:
    lz-string: bin/bin.js
  checksum: 10/e86f0280e99a8d8cd4eef24d8601ddae15ce54e43ac9990dfcb79e1e081c255ad24424a30d78d2ad8e51a8ce82a66a930047fed4b4aa38c6f0b392ff9300edfc
  languageName: node
  linkType: hard

"min-indent@npm:^1.0.0":
  version: 1.0.1
  resolution: "min-indent@npm:1.0.1"
  checksum: 10/bfc6dd03c5eaf623a4963ebd94d087f6f4bbbfd8c41329a7f09706b0cb66969c4ddd336abeb587bc44bc6f08e13bf90f0b374f9d71f9f01e04adc2cd6f083ef1
  languageName: node
  linkType: hard

"pathval@npm:^2.0.0":
  version: 2.0.0
  resolution: "pathval@npm:2.0.0"
  checksum: 10/b91575bf9cdf01757afd7b5e521eb8a0b874a49bc972d08e0047cfea0cd3c019f5614521d4bc83d2855e3fcc331db6817dfd533dd8f3d90b16bc76fad2450fc1
  languageName: node
  linkType: hard

"picocolors@npm:^1.0.0":
  version: 1.1.1
  resolution: "picocolors@npm:1.1.1"
  checksum: 10/e1cf46bf84886c79055fdfa9dcb3e4711ad259949e3565154b004b260cd356c5d54b31a1437ce9782624bf766272fe6b0154f5f0c744fb7af5d454d2b60db045
  languageName: node
  linkType: hard

"pretty-format@npm:^27.0.2":
  version: 27.5.1
  resolution: "pretty-format@npm:27.5.1"
  dependencies:
    ansi-regex: "npm:^5.0.1"
    ansi-styles: "npm:^5.0.0"
    react-is: "npm:^17.0.1"
  checksum: 10/248990cbef9e96fb36a3e1ae6b903c551ca4ddd733f8d0912b9cc5141d3d0b3f9f8dfb4d799fb1c6723382c9c2083ffbfa4ad43ff9a0e7535d32d41fd5f01da6
  languageName: node
  linkType: hard

"react-is@npm:^17.0.1":
  version: 17.0.2
  resolution: "react-is@npm:17.0.2"
  checksum: 10/73b36281e58eeb27c9cc6031301b6ae19ecdc9f18ae2d518bdb39b0ac564e65c5779405d623f1df9abf378a13858b79442480244bd579968afc1faf9a2ce5e05
  languageName: node
  linkType: hard

"redent@npm:^3.0.0":
  version: 3.0.0
  resolution: "redent@npm:3.0.0"
  dependencies:
    indent-string: "npm:^4.0.0"
    strip-indent: "npm:^3.0.0"
  checksum: 10/fa1ef20404a2d399235e83cc80bd55a956642e37dd197b4b612ba7327bf87fa32745aeb4a1634b2bab25467164ab4ed9c15be2c307923dd08b0fe7c52431ae6b
  languageName: node
  linkType: hard

"regenerator-runtime@npm:^0.14.0":
  version: 0.14.1
  resolution: "regenerator-runtime@npm:0.14.1"
  checksum: 10/5db3161abb311eef8c45bcf6565f4f378f785900ed3945acf740a9888c792f75b98ecb77f0775f3bf95502ff423529d23e94f41d80c8256e8fa05ed4b07cf471
  languageName: node
  linkType: hard

"strip-indent@npm:^3.0.0":
  version: 3.0.0
  resolution: "strip-indent@npm:3.0.0"
  dependencies:
    min-indent: "npm:^1.0.0"
  checksum: 10/18f045d57d9d0d90cd16f72b2313d6364fd2cb4bf85b9f593523ad431c8720011a4d5f08b6591c9d580f446e78855c5334a30fb91aa1560f5d9f95ed1b4a0530
  languageName: node
  linkType: hard

"supports-color@npm:^7.1.0":
  version: 7.2.0
  resolution: "supports-color@npm:7.2.0"
  dependencies:
    has-flag: "npm:^4.0.0"
  checksum: 10/c8bb7afd564e3b26b50ca6ee47572c217526a1389fe018d00345856d4a9b08ffbd61fadaf283a87368d94c3dcdb8f5ffe2650a5a65863e21ad2730ca0f05210a
  languageName: node
  linkType: hard

"tinyrainbow@npm:^1.2.0":
  version: 1.2.0
  resolution: "tinyrainbow@npm:1.2.0"
  checksum: 10/2924444db6804355e5ba2b6e586c7f77329d93abdd7257a069a0f4530dff9f16de484e80479094e3f39273462541b003a65ee3a6afc2d12555aa745132deba5d
  languageName: node
  linkType: hard

"tinyspy@npm:^3.0.0":
  version: 3.0.2
  resolution: "tinyspy@npm:3.0.2"
  checksum: 10/5db671b2ff5cd309de650c8c4761ca945459d7204afb1776db9a04fb4efa28a75f08517a8620c01ee32a577748802231ad92f7d5b194dc003ee7f987a2a06337
  languageName: node
  linkType: hard

"type-fest@npm:^2.19.0":
  version: 2.19.0
  resolution: "type-fest@npm:2.19.0"
  checksum: 10/7bf9e8fdf34f92c8bb364c0af14ca875fac7e0183f2985498b77be129dc1b3b1ad0a6b3281580f19e48c6105c037fb966ad9934520c69c6434d17fd0af4eed78
  languageName: node
  linkType: hard
